schema: '2.0'
stages:
  train:
    cmd: python3 src/train.py
    deps:
    - path: data/winequality-red.csv
      hash: md5
      md5: 6a0fdafce844c81d0661b6dddccd308c
      size: 91997
    - path: src/train.py
      hash: md5
      md5: 175835ca849a40472e5d4dee51d2f7e3
      size: 3586
    outs:
    - path: metrics.csv
      hash: md5
      md5: 418bd13b2c66b335f98a97accb4a6077
      size: 28
    - path: models/model.joblib
      hash: md5
      md5: dba086361775ab743c414e03a9d6d06d
      size: 3433361
