schema: '2.0'
stages:
  train:
    cmd: python3 src/train.py
    deps:
    - path: data/winequality-red.csv
      hash: md5
      md5: 3e8f4954ca4528594bca99e91d841ae2
      size: 91999
    - path: src/train.py
      hash: md5
      md5: c9f229d49dcf3967361b4d3386b3549b
      size: 3585
    outs:
    - path: metrics.csv
      hash: md5
      md5: a086d8111c283421a2f5c86169315bb4
      size: 44
    - path: models/model.joblib
      hash: md5
      md5: d36451a955872a89cd27bc2b19fa3ad5
      size: 352193
