schema: '2.0'
stages:
  train:
    cmd: python3 src/train.py
    deps:
    - path: data/winequality-red.csv
      hash: md5
      md5: 3e8f4954ca4528594bca99e91d841ae2
      size: 91999
    - path: src/train.py
      hash: md5
      md5: 1a7eca73446e6ddd8980109a951d0b5b
      size: 3587
    outs:
    - path: metrics.csv
      hash: md5
      md5: e763781238f4aa4db4573e53b003852e
      size: 46
    - path: models/model.joblib
      hash: md5
      md5: b15c5d2eead705566176c0d41246e752
      size: 34312289
